# THIS IS AN AUTOGENERATED FILE. DO NOT EDIT THIS FILE DIRECTLY.
# yarn lockfile v1


s@^1.0.0:
  version "1.0.0"
  resolved "https://registry.yarnpkg.com/s/-/s-1.0.0.tgz#cb86fb1063f86b6377ad1652d26a8d9bc7b106ea"
  integrity sha512-Tz63UXhdEBvvIV6Q0a+AV2Dx1TPq+vVWNYBxyCT9TG0uqn9kySwFTjfq3C1YuGBRwYtt9Tof11L6GCKi88foqw==

three@^0.183.2:
  version "0.183.2"
  resolved "https://registry.yarnpkg.com/three/-/three-0.183.2.tgz#606e3195bf210ef8d1eaaca2ab8c59d92d2bbc18"
  integrity sha512-di3BsL2FEQ1PA7Hcvn4fyJOlxRRgFYBpMTcyOgkwJIaDOdJMebEFPA+t98EvjuljDx4hNulAGwF6KIjtwI5jgQ==
